
Microsoft Visual Studio Solution File, Format Version 12.00
# Visual Studio 15
VisualStudioVersion = 15.0.27703.2000
MinimumVisualStudioVersion = 10.0.40219.1
Project("{FAE04EC0-301F-11D3-BF4B-00C04F79EFBC}") = "Dai.CommonLib.Sql", "src\Dai.CommonLib.Sql\Dai.CommonLib.Sql.csproj", "{337B3D2D-C475-40E7-9221-4BFC5F89E909}"
EndProject
Global
	GlobalSection(SolutionConfigurationPlatforms) = preSolution
		Debug|Any CPU = Debug|Any CPU
		Release|Any CPU = Release|Any CPU
	EndGlobalSection
	GlobalSection(ProjectConfigurationPlatforms) = postSolution
		{337B3D2D-C475-40E7-9221-4BFC5F89E909}.Debug|Any CPU.ActiveCfg = Debug|Any CPU
		{337B3D2D-C475-40E7-9221-4BFC5F89E909}.Debug|Any CPU.Build.0 = Debug|Any CPU
		{337B3D2D-C475-40E7-9221-4BFC5F89E909}.Release|Any CPU.ActiveCfg = Release|Any CPU
		{337B3D2D-C475-40E7-9221-4BFC5F89E909}.Release|Any CPU.Build.0 = Release|Any CPU
	EndGlobalSection
	GlobalSection(SolutionProperties) = preSolution
		HideSolutionNode = FALSE
	EndGlobalSection
	GlobalSection(ExtensibilityGlobals) = postSolution
		SolutionGuid = {C460D746-0A73-4DC7-8664-530ED6B37B6A}
	EndGlobalSection
EndGlobal
